
Microsoft Visual Studio Solution File, Format Version 12.00
# Visual Studio 15
Project("{FAE04EC0-301F-11D3-BF4B-00C04F79EFBC}") = "Assembly-CSharp", "Assembly-CSharp.csproj", "{5F2139AF-145E-B56B-3077-41854CD1EF99}"
EndProject
Project("{FAE04EC0-301F-11D3-BF4B-00C04F79EFBC}") = "Assembly-CSharp-Editor", "Assembly-CSharp-Editor.csproj", "{59167616-9BE4-A78B-8D3E-2A9B5D602EFF}"
EndProject
Global
	GlobalSection(SolutionConfigurationPlatforms) = preSolution
		Debug|Any CPU = Debug|Any CPU
		Release|Any CPU = Release|Any CPU
	EndGlobalSection
	GlobalSection(ProjectConfigurationPlatforms) = postSolution
		{5F2139AF-145E-B56B-3077-41854CD1EF99}.Debug|Any CPU.ActiveCfg = Debug|Any CPU
		{5F2139AF-145E-B56B-3077-41854CD1EF99}.Debug|Any CPU.Build.0 = Debug|Any CPU
		{5F2139AF-145E-B56B-3077-41854CD1EF99}.Release|Any CPU.ActiveCfg = Release|Any CPU
		{5F2139AF-145E-B56B-3077-41854CD1EF99}.Release|Any CPU.Build.0 = Release|Any CPU
		{59167616-9BE4-A78B-8D3E-2A9B5D602EFF}.Debug|Any CPU.ActiveCfg = Debug|Any CPU
		{59167616-9BE4-A78B-8D3E-2A9B5D602EFF}.Debug|Any CPU.Build.0 = Debug|Any CPU
		{59167616-9BE4-A78B-8D3E-2A9B5D602EFF}.Release|Any CPU.ActiveCfg = Release|Any CPU
		{59167616-9BE4-A78B-8D3E-2A9B5D602EFF}.Release|Any CPU.Build.0 = Release|Any CPU
	EndGlobalSection
	GlobalSection(SolutionProperties) = preSolution
		HideSolutionNode = FALSE
	EndGlobalSection
EndGlobal
